
Microsoft Visual Studio Solution File, Format Version 12.00
# Visual Studio Version 17
VisualStudioVersion = 17.7.34031.279
MinimumVisualStudioVersion = 10.0.40219.1
Project("{8BC9CEB8-8B4A-11D0-8D11-00A0C91BC942}") = "laba_6", "laba_6.vcxproj", "{33DE6138-74C9-4142-9A67-0A989332D85B}"
EndProject
Project("{8BC9CEB8-8B4A-11D0-8D11-00A0C91BC942}") = "task02", "..\task02\task02.vcxproj", "{A77607E7-B20B-4BCE-885B-8E7B6A7EDEEE}"
EndProject
Project("{8BC9CEB8-8B4A-11D0-8D11-00A0C91BC942}") = "task03", "..\task03\task03.vcxproj", "{C362D6DE-6F07-4F60-8510-82AA3C79C784}"
EndProject
Project("{8BC9CEB8-8B4A-11D0-8D11-00A0C91BC942}") = "task03A", "..\task03A\task03A.vcxproj", "{A8583EF2-40B6-4E9B-8878-B27A70F84E10}"
EndProject
Project("{8BC9CEB8-8B4A-11D0-8D11-00A0C91BC942}") = "task03B", "..\task03B\task03B.vcxproj", "{AF560334-4536-4D64-9A48-80971B9C9777}"
EndProject
Project("{8BC9CEB8-8B4A-11D0-8D11-00A0C91BC942}") = "task04", "..\task04\task04.vcxproj", "{089200FA-E457-4F80-8831-F949D0D2589B}"
EndProject
Project("{8BC9CEB8-8B4A-11D0-8D11-00A0C91BC942}") = "task04A", "..\task04A\task04A.vcxproj", "{7869E8C5-209C-4985-ADE2-95CBF6B42449}"
EndProject
Project("{8BC9CEB8-8B4A-11D0-8D11-00A0C91BC942}") = "task04B", "..\task04B\task04B.vcxproj", "{9B19EC66-74A6-419B-9ED2-A104F46BEC63}"
EndProject
Project("{8BC9CEB8-8B4A-11D0-8D11-00A0C91BC942}") = "task05", "..\task05\task05.vcxproj", "{08735146-D9F5-4A45-9E67-E54933E5FE16}"
EndProject
Project("{8BC9CEB8-8B4A-11D0-8D11-00A0C91BC942}") = "task05A", "..\task05A\task05A.vcxproj", "{EB41BBCC-B749-4651-8450-A7E692464D12}"
EndProject
Project("{8BC9CEB8-8B4A-11D0-8D11-00A0C91BC942}") = "task05B", "..\task05B\task05B.vcxproj", "{197DD8D5-6630-4369-B9D2-3D283902B63F}"
EndProject
Global
	GlobalSection(SolutionConfigurationPlatforms) = preSolution
		Debug|x64 = Debug|x64
		Debug|x86 = Debug|x86
		Release|x64 = Release|x64
		Release|x86 = Release|x86
	EndGlobalSection
	GlobalSection(ProjectConfigurationPlatforms) = postSolution
		{33DE6138-74C9-4142-9A67-0A989332D85B}.Debug|x64.ActiveCfg = Debug|x64
		{33DE6138-74C9-4142-9A67-0A989332D85B}.Debug|x64.Build.0 = Debug|x64
		{33DE6138-74C9-4142-9A67-0A989332D85B}.Debug|x86.ActiveCfg = Debug|Win32
		{33DE6138-74C9-4142-9A67-0A989332D85B}.Debug|x86.Build.0 = Debug|Win32
		{33DE6138-74C9-4142-9A67-0A989332D85B}.Release|x64.ActiveCfg = Release|x64
		{33DE6138-74C9-4142-9A67-0A989332D85B}.Release|x64.Build.0 = Release|x64
		{33DE6138-74C9-4142-9A67-0A989332D85B}.Release|x86.ActiveCfg = Release|Win32
		{33DE6138-74C9-4142-9A67-0A989332D85B}.Release|x86.Build.0 = Release|Win32
		{A77607E7-B20B-4BCE-885B-8E7B6A7EDEEE}.Debug|x64.ActiveCfg = Debug|x64
		{A77607E7-B20B-4BCE-885B-8E7B6A7EDEEE}.Debug|x64.Build.0 = Debug|x64
		{A77607E7-B20B-4BCE-885B-8E7B6A7EDEEE}.Debug|x86.ActiveCfg = Debug|Win32
		{A77607E7-B20B-4BCE-885B-8E7B6A7EDEEE}.Debug|x86.Build.0 = Debug|Win32
		{A77607E7-B20B-4BCE-885B-8E7B6A7EDEEE}.Release|x64.ActiveCfg = Release|x64
		{A77607E7-B20B-4BCE-885B-8E7B6A7EDEEE}.Release|x64.Build.0 = Release|x64
		{A77607E7-B20B-4BCE-885B-8E7B6A7EDEEE}.Release|x86.ActiveCfg = Release|Win32
		{A77607E7-B20B-4BCE-885B-8E7B6A7EDEEE}.Release|x86.Build.0 = Release|Win32
		{C362D6DE-6F07-4F60-8510-82AA3C79C784}.Debug|x64.ActiveCfg = Debug|x64
		{C362D6DE-6F07-4F60-8510-82AA3C79C784}.Debug|x64.Build.0 = Debug|x64
		{C362D6DE-6F07-4F60-8510-82AA3C79C784}.Debug|x86.ActiveCfg = Debug|Win32
		{C362D6DE-6F07-4F60-8510-82AA3C79C784}.Debug|x86.Build.0 = Debug|Win32
		{C362D6DE-6F07-4F60-8510-82AA3C79C784}.Release|x64.ActiveCfg = Release|x64
		{C362D6DE-6F07-4F60-8510-82AA3C79C784}.Release|x64.Build.0 = Release|x64
		{C362D6DE-6F07-4F60-8510-82AA3C79C784}.Release|x86.ActiveCfg = Release|Win32
		{C362D6DE-6F07-4F60-8510-82AA3C79C784}.Release|x86.Build.0 = Release|Win32
		{A8583EF2-40B6-4E9B-8878-B27A70F84E10}.Debug|x64.ActiveCfg = Debug|x64
		{A8583EF2-40B6-4E9B-8878-B27A70F84E10}.Debug|x64.Build.0 = Debug|x64
		{A8583EF2-40B6-4E9B-8878-B27A70F84E10}.Debug|x86.ActiveCfg = Debug|Win32
		{A8583EF2-40B6-4E9B-8878-B27A70F84E10}.Debug|x86.Build.0 = Debug|Win32
		{A8583EF2-40B6-4E9B-8878-B27A70F84E10}.Release|x64.ActiveCfg = Release|x64
		{A8583EF2-40B6-4E9B-8878-B27A70F84E10}.Release|x64.Build.0 = Release|x64
		{A8583EF2-40B6-4E9B-8878-B27A70F84E10}.Release|x86.ActiveCfg = Release|Win32
		{A8583EF2-40B6-4E9B-8878-B27A70F84E10}.Release|x86.Build.0 = Release|Win32
		{AF560334-4536-4D64-9A48-80971B9C9777}.Debug|x64.ActiveCfg = Debug|x64
		{AF560334-4536-4D64-9A48-80971B9C9777}.Debug|x64.Build.0 = Debug|x64
		{AF560334-4536-4D64-9A48-80971B9C9777}.Debug|x86.ActiveCfg = Debug|Win32
		{AF560334-4536-4D64-9A48-80971B9C9777}.Debug|x86.Build.0 = Debug|Win32
		{AF560334-4536-4D64-9A48-80971B9C9777}.Release|x64.ActiveCfg = Release|x64
		{AF560334-4536-4D64-9A48-80971B9C9777}.Release|x64.Build.0 = Release|x64
		{AF560334-4536-4D64-9A48-80971B9C9777}.Release|x86.ActiveCfg = Release|Win32
		{AF560334-4536-4D64-9A48-80971B9C9777}.Release|x86.Build.0 = Release|Win32
		{089200FA-E457-4F80-8831-F949D0D2589B}.Debug|x64.ActiveCfg = Debug|x64
		{089200FA-E457-4F80-8831-F949D0D2589B}.Debug|x64.Build.0 = Debug|x64
		{089200FA-E457-4F80-8831-F949D0D2589B}.Debug|x86.ActiveCfg = Debug|Win32
		{089200FA-E457-4F80-8831-F949D0D2589B}.Debug|x86.Build.0 = Debug|Win32
		{089200FA-E457-4F80-8831-F949D0D2589B}.Release|x64.ActiveCfg = Release|x64
		{089200FA-E457-4F80-8831-F949D0D2589B}.Release|x64.Build.0 = Release|x64
		{089200FA-E457-4F80-8831-F949D0D2589B}.Release|x86.ActiveCfg = Release|Win32
		{089200FA-E457-4F80-8831-F949D0D2589B}.Release|x86.Build.0 = Release|Win32
		{7869E8C5-209C-4985-ADE2-95CBF6B42449}.Debug|x64.ActiveCfg = Debug|x64
		{7869E8C5-209C-4985-ADE2-95CBF6B42449}.Debug|x64.Build.0 = Debug|x64
		{7869E8C5-209C-4985-ADE2-95CBF6B42449}.Debug|x86.ActiveCfg = Debug|Win32
		{7869E8C5-209C-4985-ADE2-95CBF6B42449}.Debug|x86.Build.0 = Debug|Win32
		{7869E8C5-209C-4985-ADE2-95CBF6B42449}.Release|x64.ActiveCfg = Release|x64
		{7869E8C5-209C-4985-ADE2-95CBF6B42449}.Release|x64.Build.0 = Release|x64
		{7869E8C5-209C-4985-ADE2-95CBF6B42449}.Release|x86.ActiveCfg = Release|Win32
		{7869E8C5-209C-4985-ADE2-95CBF6B42449}.Release|x86.Build.0 = Release|Win32
		{9B19EC66-74A6-419B-9ED2-A104F46BEC63}.Debug|x64.ActiveCfg = Debug|x64
		{9B19EC66-74A6-419B-9ED2-A104F46BEC63}.Debug|x64.Build.0 = Debug|x64
		{9B19EC66-74A6-419B-9ED2-A104F46BEC63}.Debug|x86.ActiveCfg = Debug|Win32
		{9B19EC66-74A6-419B-9ED2-A104F46BEC63}.Debug|x86.Build.0 = Debug|Win32
		{9B19EC66-74A6-419B-9ED2-A104F46BEC63}.Release|x64.ActiveCfg = Release|x64
		{9B19EC66-74A6-419B-9ED2-A104F46BEC63}.Release|x64.Build.0 = Release|x64
		{9B19EC66-74A6-419B-9ED2-A104F46BEC63}.Release|x86.ActiveCfg = Release|Win32
		{9B19EC66-74A6-419B-9ED2-A104F46BEC63}.Release|x86.Build.0 = Release|Win32
		{08735146-D9F5-4A45-9E67-E54933E5FE16}.Debug|x64.ActiveCfg = Debug|x64
		{08735146-D9F5-4A45-9E67-E54933E5FE16}.Debug|x64.Build.0 = Debug|x64
		{08735146-D9F5-4A45-9E67-E54933E5FE16}.Debug|x86.ActiveCfg = Debug|Win32
		{08735146-D9F5-4A45-9E67-E54933E5FE16}.Debug|x86.Build.0 = Debug|Win32
		{08735146-D9F5-4A45-9E67-E54933E5FE16}.Release|x64.ActiveCfg = Release|x64
		{08735146-D9F5-4A45-9E67-E54933E5FE16}.Release|x64.Build.0 = Release|x64
		{08735146-D9F5-4A45-9E67-E54933E5FE16}.Release|x86.ActiveCfg = Release|Win32
		{08735146-D9F5-4A45-9E67-E54933E5FE16}.Release|x86.Build.0 = Release|Win32
		{EB41BBCC-B749-4651-8450-A7E692464D12}.Debug|x64.ActiveCfg = Debug|x64
		{EB41BBCC-B749-4651-8450-A7E692464D12}.Debug|x64.Build.0 = Debug|x64
		{EB41BBCC-B749-4651-8450-A7E692464D12}.Debug|x86.ActiveCfg = Debug|Win32
		{EB41BBCC-B749-4651-8450-A7E692464D12}.Debug|x86.Build.0 = Debug|Win32
		{EB41BBCC-B749-4651-8450-A7E692464D12}.Release|x64.ActiveCfg = Release|x64
		{EB41BBCC-B749-4651-8450-A7E692464D12}.Release|x64.Build.0 = Release|x64
		{EB41BBCC-B749-4651-8450-A7E692464D12}.Release|x86.ActiveCfg = Release|Win32
		{EB41BBCC-B749-4651-8450-A7E692464D12}.Release|x86.Build.0 = Release|Win32
		{197DD8D5-6630-4369-B9D2-3D283902B63F}.Debug|x64.ActiveCfg = Debug|x64
		{197DD8D5-6630-4369-B9D2-3D283902B63F}.Debug|x64.Build.0 = Debug|x64
		{197DD8D5-6630-4369-B9D2-3D283902B63F}.Debug|x86.ActiveCfg = Debug|Win32
		{197DD8D5-6630-4369-B9D2-3D283902B63F}.Debug|x86.Build.0 = Debug|Win32
		{197DD8D5-6630-4369-B9D2-3D283902B63F}.Release|x64.ActiveCfg = Release|x64
		{197DD8D5-6630-4369-B9D2-3D283902B63F}.Release|x64.Build.0 = Release|x64
		{197DD8D5-6630-4369-B9D2-3D283902B63F}.Release|x86.ActiveCfg = Release|Win32
		{197DD8D5-6630-4369-B9D2-3D283902B63F}.Release|x86.Build.0 = Release|Win32
	EndGlobalSection
	GlobalSection(SolutionProperties) = preSolution
		HideSolutionNode = FALSE
	EndGlobalSection
	GlobalSection(ExtensibilityGlobals) = postSolution
		SolutionGuid = {D315553E-C483-4F86-9E10-5CCEC4B136B2}
	EndGlobalSection
EndGlobal
